// !$*UTF8*$!
{
	archiveVersion = 1;
	classes = {
	};
	objectVersion = 55;
	objects = {

/* Begin PBXBuildFile section */
		637561DB2818129E0026B862 /* AppDelegate.swift in Sources */ = {isa = PBXBuildFile; fileRef = 637561DA2818129E0026B862 /* AppDelegate.swift */; };
		637561DD2818129E0026B862 /* SceneDelegate.swift in Sources */ = {isa = PBXBuildFile; fileRef = 637561DC2818129E0026B862 /* SceneDelegate.swift */; };
		637561DF2818129E0026B862 /* ViewController.swift in Sources */ = {isa = PBXBuildFile; fileRef = 637561DE2818129E0026B862 /* ViewController.swift */; };
		637561E22818129E0026B862 /* Main.storyboard in Resources */ = {isa = PBXBuildFile; fileRef = 637561E02818129E0026B862 /* Main.storyboard */; };
		637561E4281812A00026B862 /* Assets.xcassets in Resources */ = {isa = PBXBuildFile; fileRef = 637561E3281812A00026B862 /* Assets.xcassets */; };
		637561E7281812A00026B862 /* LaunchScreen.storyboard in Resources */ = {isa = PBXBuildFile; fileRef = 637561E5281812A00026B862 /* LaunchScreen.storyboard */; };
		637561F0281825380026B862 /* SplashViewController.swift in Sources */ = {isa = PBXBuildFile; fileRef = 637561EE281825380026B862 /* SplashViewController.swift */; };
		637561F1281825380026B862 /* SplashViewController.xib in Resources */ = {isa = PBXBuildFile; fileRef = 637561EF281825380026B862 /* SplashViewController.xib */; };
		637561F428182A7C0026B862 /* SettingViewController.swift in Sources */ = {isa = PBXBuildFile; fileRef = 637561F228182A7C0026B862 /* SettingViewController.swift */; };
		637561F528182A7C0026B862 /* SettingViewController.xib in Resources */ = {isa = PBXBuildFile; fileRef = 637561F328182A7C0026B862 /* SettingViewController.xib */; };
		637561F8281A2AC50026B862 /* NotificationsViewController.swift in Sources */ = {isa = PBXBuildFile; fileRef = 637561F6281A2AC50026B862 /* NotificationsViewController.swift */; };
		637561F9281A2AC50026B862 /* NotificationsViewController.xib in Resources */ = {isa = PBXBuildFile; fileRef = 637561F7281A2AC50026B862 /* NotificationsViewController.xib */; };
/* End PBXBuildFile section */

/* Begin PBXFileReference section */
		637561D72818129E0026B862 /* auto_layout.app */ = {isa = PBXFileReference; explicitFileType = wrapper.application; includeInIndex = 0; path = auto_layout.app; sourceTree = BUILT_PRODUCTS_DIR; };
		637561DA2818129E0026B862 /* AppDelegate.swift */ = {isa = PBXFileReference; lastKnownFileType = sourcecode.swift; path = AppDelegate.swift; sourceTree = "<group>"; };
		637561DC2818129E0026B862 /* SceneDelegate.swift */ = {isa = PBXFileReference; lastKnownFileType = sourcecode.swift; path = SceneDelegate.swift; sourceTree = "<group>"; };
		637561DE2818129E0026B862 /* ViewController.swift */ = {isa = PBXFileReference; lastKnownFileType = sourcecode.swift; path = ViewController.swift; sourceTree = "<group>"; };
		637561E12818129E0026B862 /* Base */ = {isa = PBXFileReference; lastKnownFileType = file.storyboard; name = Base; path = Base.lproj/Main.storyboard; sourceTree = "<group>"; };
		637561E3281812A00026B862 /* Assets.xcassets */ = {isa = PBXFileReference; lastKnownFileType = folder.assetcatalog; path = Assets.xcassets; sourceTree = "<group>"; };
		637561E6281812A00026B862 /* Base */ = {isa = PBXFileReference; lastKnownFileType = file.storyboard; name = Base; path = Base.lproj/LaunchScreen.storyboard; sourceTree = "<group>"; };
		637561E8281812A00026B862 /* Info.plist */ = {isa = PBXFileReference; lastKnownFileType = text.plist.xml; path = Info.plist; sourceTree = "<group>"; };
		637561EE281825380026B862 /* SplashViewController.swift */ = {isa = PBXFileReference; lastKnownFileType = sourcecode.swift; path = SplashViewController.swift; sourceTree = "<group>"; };
		637561EF281825380026B862 /* SplashViewController.xib */ = {isa = PBXFileReference; lastKnownFileType = file.xib; path = SplashViewController.xib; sourceTree = "<group>"; };
		637561F228182A7C0026B862 /* SettingViewController.swift */ = {isa = PBXFileReference; lastKnownFileType = sourcecode.swift; path = SettingViewController.swift; sourceTree = "<group>"; };
		637561F328182A7C0026B862 /* SettingViewController.xib */ = {isa = PBXFileReference; lastKnownFileType = file.xib; path = SettingViewController.xib; sourceTree = "<group>"; };
		637561F6281A2AC50026B862 /* NotificationsViewController.swift */ = {isa = PBXFileReference; lastKnownFileType = sourcecode.swift; path = NotificationsViewController.swift; sourceTree = "<group>"; };
		637561F7281A2AC50026B862 /* NotificationsViewController.xib */ = {isa = PBXFileReference; lastKnownFileType = file.xib; path = NotificationsViewController.xib; sourceTree = "<group>"; };
/* End PBXFileReference section */

/* Begin PBXFrameworksBuildPhase section */
		637561D42818129E0026B862 /* Frameworks */ = {
			isa = PBXFrameworksBuildPhase;
			buildActionMask = 2147483647;
			files = (
			);
			runOnlyForDeploymentPostprocessing = 0;
		};
/* End PBXFrameworksBuildPhase section */

/* Begin PBXGroup section */
		637561CE2818129E0026B862 = {
			isa = PBXGroup;
			children = (
				637561D92818129E0026B862 /* auto_layout */,
				637561D82818129E0026B862 /* Products */,
			);
			sourceTree = "<group>";
		};
		637561D82818129E0026B862 /* Products */ = {
			isa = PBXGroup;
			children = (
				637561D72818129E0026B862 /* auto_layout.app */,
			);
			name = Products;
			sourceTree = "<group>";
		};
		637561D92818129E0026B862 /* auto_layout */ = {
			isa = PBXGroup;
			children = (
				637561DA2818129E0026B862 /* AppDelegate.swift */,
				637561DC2818129E0026B862 /* SceneDelegate.swift */,
				637561DE2818129E0026B862 /* ViewController.swift */,
				637561E02818129E0026B862 /* Main.storyboard */,
				637561E3281812A00026B862 /* Assets.xcassets */,
				637561EE281825380026B862 /* SplashViewController.swift */,
				637561EF281825380026B862 /* SplashViewController.xib */,
				637561F228182A7C0026B862 /* SettingViewController.swift */,
				637561F328182A7C0026B862 /* SettingViewController.xib */,
				637561F6281A2AC50026B862 /* NotificationsViewController.swift */,
				637561F7281A2AC50026B862 /* NotificationsViewController.xib */,
				637561E5281812A00026B862 /* LaunchScreen.storyboard */,
				637561E8281812A00026B862 /* Info.plist */,
			);
			path = auto_layout;
			sourceTree = "<group>";
		};
/* End PBXGroup section */

/* Begin PBXNativeTarget section */
		637561D62818129E0026B862 /* auto_layout */ = {
			isa = PBXNativeTarget;
			buildConfigurationList = 637561EB281812A00026B862 /* Build configuration list for PBXNativeTarget "auto_layout" */;
			buildPhases = (
				637561D32818129E0026B862 /* Sources */,
				637561D42818129E0026B862 /* Frameworks */,
				637561D52818129E0026B862 /* Resources */,
			);
			buildRules = (
			);
			dependencies = (
			);
			name = auto_layout;
			productName = auto_layout;
			productReference = 637561D72818129E0026B862 /* auto_layout.app */;
			productType = "com.apple.product-type.application";
		};
/* End PBXNativeTarget section */

/* Begin PBXProject section */
		637561CF2818129E0026B862 /* Project object */ = {
			isa = PBXProject;
			attributes = {
				BuildIndependentTargetsInParallel = 1;
				LastSwiftUpdateCheck = 1320;
				LastUpgradeCheck = 1320;
				TargetAttributes = {
					637561D62818129E0026B862 = {
						CreatedOnToolsVersion = 13.2.1;
					};
				};
			};
			buildConfigurationList = 637561D22818129E0026B862 /* Build configuration list for PBXProject "auto_layout" */;
			compatibilityVersion = "Xcode 13.0";
			developmentRegion = en;
			hasScannedForEncodings = 0;
			knownRegions = (
				en,
				Base,
			);
			mainGroup = 637561CE2818129E0026B862;
			productRefGroup = 637561D82818129E0026B862 /* Products */;
			projectDirPath = "";
			projectRoot = "";
			targets = (
				637561D62818129E0026B862 /* auto_layout */,
			);
		};
/* End PBXProject section */

/* Begin PBXResourcesBuildPhase section */
		637561D52818129E0026B862 /* Resources */ = {
			isa = PBXResourcesBuildPhase;
			buildActionMask = 2147483647;
			files = (
				637561E7281812A00026B862 /* LaunchScreen.storyboard in Resources */,
				637561F528182A7C0026B862 /* SettingViewController.xib in Resources */,
				637561E4281812A00026B862 /* Assets.xcassets in Resources */,
				637561F9281A2AC50026B862 /* NotificationsViewController.xib in Resources */,
				637561E22818129E0026B862 /* Main.storyboard in Resources */,
				637561F1281825380026B862 /* SplashViewController.xib in Resources */,
			);
			runOnlyForDeploymentPostprocessing = 0;
		};
/* End PBXResourcesBuildPhase section */

/* Begin PBXSourcesBuildPhase section */
		637561D32818129E0026B862 /* Sources */ = {
			isa = PBXSourcesBuildPhase;
			buildActionMask = 2147483647;
			files = (
				637561F428182A7C0026B862 /* SettingViewController.swift in Sources */,
				637561DF2818129E0026B862 /* ViewController.swift in Sources */,
				637561DB2818129E0026B862 /* AppDelegate.swift in Sources */,
				637561F8281A2AC50026B862 /* NotificationsViewController.swift in Sources */,
				637561DD2818129E0026B862 /* SceneDelegate.swift in Sources */,
				637561F0281825380026B862 /* SplashViewController.swift in Sources */,
			);
			runOnlyForDeploymentPostprocessing = 0;
		};
/* End PBXSourcesBuildPhase section */

/* Begin PBXVariantGroup section */
		637561E02818129E0026B862 /* Main.storyboard */ = {
			isa = PBXVariantGroup;
			children = (
				637561E12818129E0026B862 /* Base */,
			);
			name = Main.storyboard;
			sourceTree = "<group>";
		};
		637561E5281812A00026B862 /* LaunchScreen.storyboard */ = {
			isa = PBXVariantGroup;
			children = (
				637561E6281812A00026B862 /* Base */,
			);
			name = LaunchScreen.storyboard;
			sourceTree = "<group>";
		};
/* End PBXVariantGroup section */

/* Begin XCBuildConfiguration section */
		637561E9281812A00026B862 /* Debug */ = {
			isa = XCBuildConfiguration;
			buildSettings = {
				ALWAYS_SEARCH_USER_PATHS = NO;
				CLANG_ANALYZER_NONNULL = YES;
				CLANG_ANALYZER_NUMBER_OBJECT_CONVERSION = YES_AGGRESSIVE;
				CLANG_CXX_LANGUAGE_STANDARD = "gnu++17";
				CLANG_CXX_LIBRARY = "libc++";
				CLANG_ENABLE_MODULES = YES;
				CLANG_ENABLE_OBJC_ARC = YES;
				CLANG_ENABLE_OBJC_WEAK = YES;
				CLANG_WARN_BLOCK_CAPTURE_AUTORELEASING = YES;
				CLANG_WARN_BOOL_CONVERSION = YES;
				CLANG_WARN_COMMA = YES;
				CLANG_WARN_CONSTANT_CONVERSION = YES;
				CLANG_WARN_DEPRECATED_OBJC_IMPLEMENTATIONS = YES;
				CLANG_WARN_DIRECT_OBJC_ISA_USAGE = YES_ERROR;
				CLANG_WARN_DOCUMENTATION_COMMENTS = YES;
				CLANG_WARN_EMPTY_BODY = YES;
				CLANG_WARN_ENUM_CONVERSION = YES;
				CLANG_WARN_INFINITE_RECURSION = YES;
				CLANG_WARN_INT_CONVERSION = YES;
				CLANG_WARN_NON_LITERAL_NULL_CONVERSION = YES;
				CLANG_WARN_OBJC_IMPLICIT_RETAIN_SELF = YES;
				CLANG_WARN_OBJC_LITERAL_CONVERSION = YES;
				CLANG_WARN_OBJC_ROOT_CLASS = YES_ERROR;
				CLANG_WARN_QUOTED_INCLUDE_IN_FRAMEWORK_HEADER = YES;
				CLANG_WARN_RANGE_LOOP_ANALYSIS = YES;
				CLANG_WARN_STRICT_PROTOTYPES = YES;
				CLANG_WARN_SUSPICIOUS_MOVE = YES;
				CLANG_WARN_UNGUARDED_AVAILABILITY = YES_AGGRESSIVE;
				CLANG_WARN_UNREACHABLE_CODE = YES;
				CLANG_WARN__DUPLICATE_METHOD_MATCH = YES;
				COPY_PHASE_STRIP = NO;
				DEBUG_INFORMATION_FORMAT = dwarf;
				ENABLE_STRICT_OBJC_MSGSEND = YES;
				ENABLE_TESTABILITY = YES;
				GCC_C_LANGUAGE_STANDARD = gnu11;
				GCC_DYNAMIC_NO_PIC = NO;
				GCC_NO_COMMON_BLOCKS = YES;
				GCC_OPTIMIZATION_LEVEL = 0;
				GCC_PREPROCESSOR_DEFINITIONS = (
					"DEBUG=1",
					"$(inherited)",
				);
				GCC_WARN_64_TO_32_BIT_CONVERSION = YES;
				GCC_WARN_ABOUT_RETURN_TYPE = YES_ERROR;
				GCC_WARN_UNDECLARED_SELECTOR = YES;
				GCC_WARN_UNINITIALIZED_AUTOS = YES_AGGRESSIVE;
				GCC_WARN_UNUSED_FUNCTION = YES;
				GCC_WARN_UNUSED_VARIABLE = YES;
				IPHONEOS_DEPLOYMENT_TARGET = 15.2;
				MTL_ENABLE_DEBUG_INFO = INCLUDE_SOURCE;
				MTL_FAST_MATH = YES;
				ONLY_ACTIVE_ARCH = YES;
				SDKROOT = iphoneos;
				SWIFT_ACTIVE_COMPILATION_CONDITIONS = DEBUG;
				SWIFT_OPTIMIZATION_LEVEL = "-Onone";
			};
			name = Debug;
		};
		637561EA281812A00026B862 /* Release */ = {
			isa = XCBuildConfiguration;
			buildSettings = {
				ALWAYS_SEARCH_USER_PATHS = NO;
				CLANG_ANALYZER_NONNULL = YES;
				CLANG_ANALYZER_NUMBER_OBJECT_CONVERSION = YES_AGGRESSIVE;
				CLANG_CXX_LANGUAGE_STANDARD = "gnu++17";
				CLANG_CXX_LIBRARY = "libc++";
				CLANG_ENABLE_MODULES = YES;
				CLANG_ENABLE_OBJC_ARC = YES;
				CLANG_ENABLE_OBJC_WEAK = YES;
				CLANG_WARN_BLOCK_CAPTURE_AUTORELEASING = YES;
				CLANG_WARN_BOOL_CONVERSION = YES;
				CLANG_WARN_COMMA = YES;
				CLANG_WARN_CONSTANT_CONVERSION = YES;
				CLANG_WARN_DEPRECATED_OBJC_IMPLEMENTATIONS = YES;
				CLANG_WARN_DIRECT_OBJC_ISA_USAGE = YES_ERROR;
				CLANG_WARN_DOCUMENTATION_COMMENTS = YES;
				CLANG_WARN_EMPTY_BODY = YES;
				CLANG_WARN_ENUM_CONVERSION = YES;
				CLANG_WARN_INFINITE_RECURSION = YES;
				CLANG_WARN_INT_CONVERSION = YES;
				CLANG_WARN_NON_LITERAL_NULL_CONVERSION = YES;
				CLANG_WARN_OBJC_IMPLICIT_RETAIN_SELF = YES;
				CLANG_WARN_OBJC_LITERAL_CONVERSION = YES;
				CLANG_WARN_OBJC_ROOT_CLASS = YES_ERROR;
				CLANG_WARN_QUOTED_INCLUDE_IN_FRAMEWORK_HEADER = YES;
				CLANG_WARN_RANGE_LOOP_ANALYSIS = YES;
				CLANG_WARN_STRICT_PROTOTYPES = YES;
				CLANG_WARN_SUSPICIOUS_MOVE = YES;
				CLANG_WARN_UNGUARDED_AVAILABILITY = YES_AGGRESSIVE;
				CLANG_WARN_UNREACHABLE_CODE = YES;
				CLANG_WARN__DUPLICATE_METHOD_MATCH = YES;
				COPY_PHASE_STRIP = NO;
				DEBUG_INFORMATION_FORMAT = "dwarf-with-dsym";
				ENABLE_NS_ASSERTIONS = NO;
				ENABLE_STRICT_OBJC_MSGSEND = YES;
				GCC_C_LANGUAGE_STANDARD = gnu11;
				GCC_NO_COMMON_BLOCKS = YES;
				GCC_WARN_64_TO_32_BIT_CONVERSION = YES;
				GCC_WARN_ABOUT_RETURN_TYPE = YES_ERROR;
				GCC_WARN_UNDECLARED_SELECTOR = YES;
				GCC_WARN_UNINITIALIZED_AUTOS = YES_AGGRESSIVE;
				GCC_WARN_UNUSED_FUNCTION = YES;
				GCC_WARN_UNUSED_VARIABLE = YES;
				IPHONEOS_DEPLOYMENT_TARGET = 15.2;
				MTL_ENABLE_DEBUG_INFO = NO;
				MTL_FAST_MATH = YES;
				SDKROOT = iphoneos;
				SWIFT_COMPILATION_MODE = wholemodule;
				SWIFT_OPTIMIZATION_LEVEL = "-O";
				VALIDATE_PRODUCT = YES;
			};
			name = Release;
		};
		637561EC281812A00026B862 /* Debug */ = {
			isa = XCBuildConfiguration;
			buildSettings = {
				ASSETCATALOG_COMPILER_APPICON_NAME = AppIcon;
				ASSETCATALOG_COMPILER_GLOBAL_ACCENT_COLOR_NAME = AccentColor;
				CODE_SIGN_STYLE = Automatic;
				CURRENT_PROJECT_VERSION = 1;
				DEVELOPMENT_TEAM = HCY5ZDUJ6Y;
				GENERATE_INFOPLIST_FILE = YES;
				INFOPLIST_FILE = auto_layout/Info.plist;
				INFOPLIST_KEY_UIApplicationSupportsIndirectInputEvents = YES;
				INFOPLIST_KEY_UILaunchStoryboardName = LaunchScreen;
				INFOPLIST_KEY_UIMainStoryboardFile = Main;
				INFOPLIST_KEY_UISupportedInterfaceOrientations_iPad = "UIInterfaceOrientationPortrait UIInterfaceOrientationPortraitUpsideDown UIInterfaceOrientationLandscapeLeft UIInterfaceOrientationLandscapeRight";
				INFOPLIST_KEY_UISupportedInterfaceOrientations_iPhone = "UIInterfaceOrientationPortrait UIInterfaceOrientationLandscapeLeft UIInterfaceOrientationLandscapeRight";
				LD_RUNPATH_SEARCH_PATHS = (
					"$(inherited)",
					"@executable_path/Frameworks",
				);
				MARKETING_VERSION = 1.0;
				PRODUCT_BUNDLE_IDENTIFIER = "com.kingescaped.dev.auto-layout";
				PRODUCT_NAME = "$(TARGET_NAME)";
				SWIFT_EMIT_LOC_STRINGS = YES;
				SWIFT_VERSION = 5.0;
				TARGETED_DEVICE_FAMILY = "1,2";
			};
			name = Debug;
		};
		637561ED281812A00026B862 /* Release */ = {
			isa = XCBuildConfiguration;
			buildSettings = {
				ASSETCATALOG_COMPILER_APPICON_NAME = AppIcon;
				ASSETCATALOG_COMPILER_GLOBAL_ACCENT_COLOR_NAME = AccentColor;
				CODE_SIGN_STYLE = Automatic;
				CURRENT_PROJECT_VERSION = 1;
				DEVELOPMENT_TEAM = HCY5ZDUJ6Y;
				GENERATE_INFOPLIST_FILE = YES;
				INFOPLIST_FILE = auto_layout/Info.plist;
				INFOPLIST_KEY_UIApplicationSupportsIndirectInputEvents = YES;
				INFOPLIST_KEY_UILaunchStoryboardName = LaunchScreen;
				INFOPLIST_KEY_UIMainStoryboardFile = Main;
				INFOPLIST_KEY_UISupportedInterfaceOrientations_iPad = "UIInterfaceOrientationPortrait UIInterfaceOrientationPortraitUpsideDown UIInterfaceOrientationLandscapeLeft UIInterfaceOrientationLandscapeRight";
				INFOPLIST_KEY_UISupportedInterfaceOrientations_iPhone = "UIInterfaceOrientationPortrait UIInterfaceOrientationLandscapeLeft UIInterfaceOrientationLandscapeRight";
				LD_RUNPATH_SEARCH_PATHS = (
					"$(inherited)",
					"@executable_path/Frameworks",
				);
				MARKETING_VERSION = 1.0;
				PRODUCT_BUNDLE_IDENTIFIER = "com.kingescaped.dev.auto-layout";
				PRODUCT_NAME = "$(TARGET_NAME)";
				SWIFT_EMIT_LOC_STRINGS = YES;
				SWIFT_VERSION = 5.0;
				TARGETED_DEVICE_FAMILY = "1,2";
			};
			name = Release;
		};
/* End XCBuildConfiguration section */

/* Begin XCConfigurationList section */
		637561D22818129E0026B862 /* Build configuration list for PBXProject "auto_layout" */ = {
			isa = XCConfigurationList;
			buildConfigurations = (
				637561E9281812A00026B862 /* Debug */,
				637561EA281812A00026B862 /* Release */,
			);
			defaultConfigurationIsVisible = 0;
			defaultConfigurationName = Release;
		};
		637561EB281812A00026B862 /* Build configuration list for PBXNativeTarget "auto_layout" */ = {
			isa = XCConfigurationList;
			buildConfigurations = (
				637561EC281812A00026B862 /* Debug */,
				637561ED281812A00026B862 /* Release */,
			);
			defaultConfigurationIsVisible = 0;
			defaultConfigurationName = Release;
		};
/* End XCConfigurationList section */
	};
	rootObject = 637561CF2818129E0026B862 /* Project object */;
}
